
Microsoft Visual Studio Solution File, Format Version 12.00
# Visual Studio 2013
VisualStudioVersion = 12.0.30501.0
MinimumVisualStudioVersion = 10.0.40219.1
Project("{FAE04EC0-301F-11D3-BF4B-00C04F79EFBC}") = "SmallWorld", "SmallWorld\SmallWorld.csproj", "{D51A981E-754B-4E08-958A-6AA17599C489}"
	ProjectSection(ProjectDependencies) = postProject
		{AB6B1033-1DCE-47FA-8028-2DFC4D7FF64B} = {AB6B1033-1DCE-47FA-8028-2DFC4D7FF64B}
	EndProjectSection
EndProject
Project("{F088123C-0E9E-452A-89E6-6BA2F21D5CAC}") = "modele", "modele\modele.modelproj", "{6C4C9EA4-3270-46DD-8951-0FE244134C96}"
EndProject
Project("{8BC9CEB8-8B4A-11D0-8D11-00A0C91BC942}") = "Algo", "Algo\Algo.vcxproj", "{AAEA6A41-B1C4-4276-AA10-9F54E9CF780F}"
EndProject
Project("{8BC9CEB8-8B4A-11D0-8D11-00A0C91BC942}") = "Wrapper", "Wrapper\Wrapper.vcxproj", "{AB6B1033-1DCE-47FA-8028-2DFC4D7FF64B}"
	ProjectSection(ProjectDependencies) = postProject
		{AAEA6A41-B1C4-4276-AA10-9F54E9CF780F} = {AAEA6A41-B1C4-4276-AA10-9F54E9CF780F}
	EndProjectSection
EndProject
Project("{FAE04EC0-301F-11D3-BF4B-00C04F79EFBC}") = "PetitsTests", "PetitsTests\PetitsTests.csproj", "{B4DC00BC-7623-4911-AFA9-1A248E516D4F}"
EndProject
Project("{FAE04EC0-301F-11D3-BF4B-00C04F79EFBC}") = "SmallWorldWPF", "SmallWorldWPF\SmallWorldWPF.csproj", "{73697EBF-57E0-4655-9C49-54B471B022BD}"
EndProject
Global
	GlobalSection(SolutionConfigurationPlatforms) = preSolution
		Debug|Any CPU = Debug|Any CPU
		Debug|Mixed Platforms = Debug|Mixed Platforms
		Debug|Win32 = Debug|Win32
		Release|Any CPU = Release|Any CPU
		Release|Mixed Platforms = Release|Mixed Platforms
		Release|Win32 = Release|Win32
	EndGlobalSection
	GlobalSection(ProjectConfigurationPlatforms) = postSolution
		{D51A981E-754B-4E08-958A-6AA17599C489}.Debug|Any CPU.ActiveCfg = Debug|Any CPU
		{D51A981E-754B-4E08-958A-6AA17599C489}.Debug|Any CPU.Build.0 = Debug|Any CPU
		{D51A981E-754B-4E08-958A-6AA17599C489}.Debug|Mixed Platforms.ActiveCfg = Debug|Any CPU
		{D51A981E-754B-4E08-958A-6AA17599C489}.Debug|Mixed Platforms.Build.0 = Debug|Any CPU
		{D51A981E-754B-4E08-958A-6AA17599C489}.Debug|Win32.ActiveCfg = Debug|Any CPU
		{D51A981E-754B-4E08-958A-6AA17599C489}.Release|Any CPU.ActiveCfg = Release|Any CPU
		{D51A981E-754B-4E08-958A-6AA17599C489}.Release|Any CPU.Build.0 = Release|Any CPU
		{D51A981E-754B-4E08-958A-6AA17599C489}.Release|Mixed Platforms.ActiveCfg = Release|Any CPU
		{D51A981E-754B-4E08-958A-6AA17599C489}.Release|Mixed Platforms.Build.0 = Release|Any CPU
		{D51A981E-754B-4E08-958A-6AA17599C489}.Release|Win32.ActiveCfg = Release|Any CPU
		{6C4C9EA4-3270-46DD-8951-0FE244134C96}.Debug|Any CPU.ActiveCfg = Debug|Any CPU
		{6C4C9EA4-3270-46DD-8951-0FE244134C96}.Debug|Any CPU.Build.0 = Debug|Any CPU
		{6C4C9EA4-3270-46DD-8951-0FE244134C96}.Debug|Mixed Platforms.ActiveCfg = Debug|Any CPU
		{6C4C9EA4-3270-46DD-8951-0FE244134C96}.Debug|Mixed Platforms.Build.0 = Debug|Any CPU
		{6C4C9EA4-3270-46DD-8951-0FE244134C96}.Debug|Win32.ActiveCfg = Debug|Any CPU
		{6C4C9EA4-3270-46DD-8951-0FE244134C96}.Release|Any CPU.ActiveCfg = Release|Any CPU
		{6C4C9EA4-3270-46DD-8951-0FE244134C96}.Release|Any CPU.Build.0 = Release|Any CPU
		{6C4C9EA4-3270-46DD-8951-0FE244134C96}.Release|Mixed Platforms.ActiveCfg = Release|Any CPU
		{6C4C9EA4-3270-46DD-8951-0FE244134C96}.Release|Mixed Platforms.Build.0 = Release|Any CPU
		{6C4C9EA4-3270-46DD-8951-0FE244134C96}.Release|Win32.ActiveCfg = Release|Any CPU
		{AAEA6A41-B1C4-4276-AA10-9F54E9CF780F}.Debug|Any CPU.ActiveCfg = Debug|Win32
		{AAEA6A41-B1C4-4276-AA10-9F54E9CF780F}.Debug|Any CPU.Build.0 = Debug|Win32
		{AAEA6A41-B1C4-4276-AA10-9F54E9CF780F}.Debug|Mixed Platforms.ActiveCfg = Debug|Win32
		{AAEA6A41-B1C4-4276-AA10-9F54E9CF780F}.Debug|Mixed Platforms.Build.0 = Debug|Win32
		{AAEA6A41-B1C4-4276-AA10-9F54E9CF780F}.Debug|Win32.ActiveCfg = Debug|Win32
		{AAEA6A41-B1C4-4276-AA10-9F54E9CF780F}.Debug|Win32.Build.0 = Debug|Win32
		{AAEA6A41-B1C4-4276-AA10-9F54E9CF780F}.Release|Any CPU.ActiveCfg = Release|Win32
		{AAEA6A41-B1C4-4276-AA10-9F54E9CF780F}.Release|Mixed Platforms.ActiveCfg = Release|Win32
		{AAEA6A41-B1C4-4276-AA10-9F54E9CF780F}.Release|Mixed Platforms.Build.0 = Release|Win32
		{AAEA6A41-B1C4-4276-AA10-9F54E9CF780F}.Release|Win32.ActiveCfg = Release|Win32
		{AAEA6A41-B1C4-4276-AA10-9F54E9CF780F}.Release|Win32.Build.0 = Release|Win32
		{AB6B1033-1DCE-47FA-8028-2DFC4D7FF64B}.Debug|Any CPU.ActiveCfg = Debug|Win32
		{AB6B1033-1DCE-47FA-8028-2DFC4D7FF64B}.Debug|Any CPU.Build.0 = Debug|Win32
		{AB6B1033-1DCE-47FA-8028-2DFC4D7FF64B}.Debug|Mixed Platforms.ActiveCfg = Debug|Win32
		{AB6B1033-1DCE-47FA-8028-2DFC4D7FF64B}.Debug|Mixed Platforms.Build.0 = Debug|Win32
		{AB6B1033-1DCE-47FA-8028-2DFC4D7FF64B}.Debug|Win32.ActiveCfg = Debug|Win32
		{AB6B1033-1DCE-47FA-8028-2DFC4D7FF64B}.Debug|Win32.Build.0 = Debug|Win32
		{AB6B1033-1DCE-47FA-8028-2DFC4D7FF64B}.Release|Any CPU.ActiveCfg = Release|Win32
		{AB6B1033-1DCE-47FA-8028-2DFC4D7FF64B}.Release|Mixed Platforms.ActiveCfg = Release|Win32
		{AB6B1033-1DCE-47FA-8028-2DFC4D7FF64B}.Release|Mixed Platforms.Build.0 = Release|Win32
		{AB6B1033-1DCE-47FA-8028-2DFC4D7FF64B}.Release|Win32.ActiveCfg = Release|Win32
		{AB6B1033-1DCE-47FA-8028-2DFC4D7FF64B}.Release|Win32.Build.0 = Release|Win32
		{B4DC00BC-7623-4911-AFA9-1A248E516D4F}.Debug|Any CPU.ActiveCfg = Debug|Any CPU
		{B4DC00BC-7623-4911-AFA9-1A248E516D4F}.Debug|Any CPU.Build.0 = Debug|Any CPU
		{B4DC00BC-7623-4911-AFA9-1A248E516D4F}.Debug|Mixed Platforms.ActiveCfg = Debug|Any CPU
		{B4DC00BC-7623-4911-AFA9-1A248E516D4F}.Debug|Mixed Platforms.Build.0 = Debug|Any CPU
		{B4DC00BC-7623-4911-AFA9-1A248E516D4F}.Debug|Win32.ActiveCfg = Debug|Any CPU
		{B4DC00BC-7623-4911-AFA9-1A248E516D4F}.Release|Any CPU.ActiveCfg = Release|Any CPU
		{B4DC00BC-7623-4911-AFA9-1A248E516D4F}.Release|Any CPU.Build.0 = Release|Any CPU
		{B4DC00BC-7623-4911-AFA9-1A248E516D4F}.Release|Mixed Platforms.ActiveCfg = Release|Any CPU
		{B4DC00BC-7623-4911-AFA9-1A248E516D4F}.Release|Mixed Platforms.Build.0 = Release|Any CPU
		{B4DC00BC-7623-4911-AFA9-1A248E516D4F}.Release|Win32.ActiveCfg = Release|Any CPU
		{73697EBF-57E0-4655-9C49-54B471B022BD}.Debug|Any CPU.ActiveCfg = Debug|Any CPU
		{73697EBF-57E0-4655-9C49-54B471B022BD}.Debug|Any CPU.Build.0 = Debug|Any CPU
		{73697EBF-57E0-4655-9C49-54B471B022BD}.Debug|Mixed Platforms.ActiveCfg = Debug|Any CPU
		{73697EBF-57E0-4655-9C49-54B471B022BD}.Debug|Mixed Platforms.Build.0 = Debug|Any CPU
		{73697EBF-57E0-4655-9C49-54B471B022BD}.Debug|Win32.ActiveCfg = Debug|Any CPU
		{73697EBF-57E0-4655-9C49-54B471B022BD}.Release|Any CPU.ActiveCfg = Release|Any CPU
		{73697EBF-57E0-4655-9C49-54B471B022BD}.Release|Any CPU.Build.0 = Release|Any CPU
		{73697EBF-57E0-4655-9C49-54B471B022BD}.Release|Mixed Platforms.ActiveCfg = Release|Any CPU
		{73697EBF-57E0-4655-9C49-54B471B022BD}.Release|Mixed Platforms.Build.0 = Release|Any CPU
		{73697EBF-57E0-4655-9C49-54B471B022BD}.Release|Win32.ActiveCfg = Release|Any CPU
	EndGlobalSection
	GlobalSection(SolutionProperties) = preSolution
		HideSolutionNode = FALSE
	EndGlobalSection
EndGlobal
